// !$*UTF8*$!
{
	archiveVersion = 1;
	classes = {
	};
	objectVersion = 46;
	objects = {

/* Begin PBXBuildFile section */
		F42DAF471BC4A8FB00EFFE29 /* AppDelegate.swift in Sources */ = {isa = PBXBuildFile; fileRef = F42DAF461BC4A8FB00EFFE29 /* AppDelegate.swift */; };
		F42DAF491BC4A8FB00EFFE29 /* ViewController.swift in Sources */ = {isa = PBXBuildFile; fileRef = F42DAF481BC4A8FB00EFFE29 /* ViewController.swift */; };
		F42DAF4C1BC4A8FB00EFFE29 /* Main.storyboard in Resources */ = {isa = PBXBuildFile; fileRef = F42DAF4A1BC4A8FB00EFFE29 /* Main.storyboard */; };
		F42DAF4F1BC4A8FB00EFFE29 /* HappySky.xcdatamodeld in Sources */ = {isa = PBXBuildFile; fileRef = F42DAF4D1BC4A8FB00EFFE29 /* HappySky.xcdatamodeld */; };
		F42DAF511BC4A8FB00EFFE29 /* Assets.xcassets in Resources */ = {isa = PBXBuildFile; fileRef = F42DAF501BC4A8FB00EFFE29 /* Assets.xcassets */; };
		F42DAF541BC4A8FB00EFFE29 /* LaunchScreen.storyboard in Resources */ = {isa = PBXBuildFile; fileRef = F42DAF521BC4A8FB00EFFE29 /* LaunchScreen.storyboard */; };
		F42DAF5F1BC4A8FB00EFFE29 /* HappySkyTests.swift in Sources */ = {isa = PBXBuildFile; fileRef = F42DAF5E1BC4A8FB00EFFE29 /* HappySkyTests.swift */; };
/* End PBXBuildFile section */

/* Begin PBXContainerItemProxy section */
		F42DAF5B1BC4A8FB00EFFE29 /* PBXContainerItemProxy */ = {
			isa = PBXContainerItemProxy;
			containerPortal = F42DAF3B1BC4A8FB00EFFE29 /* Project object */;
			proxyType = 1;
			remoteGlobalIDString = F42DAF421BC4A8FB00EFFE29;
			remoteInfo = HappySky;
		};
/* End PBXContainerItemProxy section */

/* Begin PBXFileReference section */
		F42DAF431BC4A8FB00EFFE29 /* HappySky.app */ = {isa = PBXFileReference; explicitFileType = wrapper.application; includeInIndex = 0; path = HappySky.app; sourceTree = BUILT_PRODUCTS_DIR; };
		F42DAF461BC4A8FB00EFFE29 /* AppDelegate.swift */ = {isa = PBXFileReference; lastKnownFileType = sourcecode.swift; path = AppDelegate.swift; sourceTree = "<group>"; };
		F42DAF481BC4A8FB00EFFE29 /* ViewController.swift */ = {isa = PBXFileReference; lastKnownFileType = sourcecode.swift; path = ViewController.swift; sourceTree = "<group>"; };
		F42DAF4B1BC4A8FB00EFFE29 /* Base */ = {isa = PBXFileReference; lastKnownFileType = file.storyboard; name = Base; path = Base.lproj/Main.storyboard; sourceTree = "<group>"; };
		F42DAF4E1BC4A8FB00EFFE29 /* HappySky.xcdatamodel */ = {isa = PBXFileReference; lastKnownFileType = wrapper.xcdatamodel; path = HappySky.xcdatamodel; sourceTree = "<group>"; };
		F42DAF501BC4A8FB00EFFE29 /* Assets.xcassets */ = {isa = PBXFileReference; lastKnownFileType = folder.assetcatalog; path = Assets.xcassets; sourceTree = "<group>"; };
		F42DAF531BC4A8FB00EFFE29 /* Base */ = {isa = PBXFileReference; lastKnownFileType = file.storyboard; name = Base; path = Base.lproj/LaunchScreen.storyboard; sourceTree = "<group>"; };
		F42DAF551BC4A8FB00EFFE29 /* Info.plist */ = {isa = PBXFileReference; lastKnownFileType = text.plist.xml; path = Info.plist; sourceTree = "<group>"; };
		F42DAF5A1BC4A8FB00EFFE29 /* HappySkyTests.xctest */ = {isa = PBXFileReference; explicitFileType = wrapper.cfbundle; includeInIndex = 0; path = HappySkyTests.xctest; sourceTree = BUILT_PRODUCTS_DIR; };
		F42DAF5E1BC4A8FB00EFFE29 /* HappySkyTests.swift */ = {isa = PBXFileReference; lastKnownFileType = sourcecode.swift; path = HappySkyTests.swift; sourceTree = "<group>"; };
		F42DAF601BC4A8FB00EFFE29 /* Info.plist */ = {isa = PBXFileReference; lastKnownFileType = text.plist.xml; path = Info.plist; sourceTree = "<group>"; };
/* End PBXFileReference section */

/* Begin PBXFrameworksBuildPhase section */
		F42DAF401BC4A8FB00EFFE29 /* Frameworks */ = {
			isa = PBXFrameworksBuildPhase;
			buildActionMask = 2147483647;
			files = (
			);
			runOnlyForDeploymentPostprocessing = 0;
		};
		F42DAF571BC4A8FB00EFFE29 /* Frameworks */ = {
			isa = PBXFrameworksBuildPhase;
			buildActionMask = 2147483647;
			files = (
			);
			runOnlyForDeploymentPostprocessing = 0;
		};
/* End PBXFrameworksBuildPhase section */

/* Begin PBXGroup section */
		F42DAF3A1BC4A8FB00EFFE29 = {
			isa = PBXGroup;
			children = (
				F42DAF451BC4A8FB00EFFE29 /* HappySky */,
				F42DAF5D1BC4A8FB00EFFE29 /* HappySkyTests */,
				F42DAF441BC4A8FB00EFFE29 /* Products */,
			);
			sourceTree = "<group>";
		};
		F42DAF441BC4A8FB00EFFE29 /* Products */ = {
			isa = PBXGroup;
			children = (
				F42DAF431BC4A8FB00EFFE29 /* HappySky.app */,
				F42DAF5A1BC4A8FB00EFFE29 /* HappySkyTests.xctest */,
			);
			name = Products;
			sourceTree = "<group>";
		};
		F42DAF451BC4A8FB00EFFE29 /* HappySky */ = {
			isa = PBXGroup;
			children = (
				F42DAF461BC4A8FB00EFFE29 /* AppDelegate.swift */,
				F42DAF481BC4A8FB00EFFE29 /* ViewController.swift */,
				F42DAF4A1BC4A8FB00EFFE29 /* Main.storyboard */,
				F42DAF501BC4A8FB00EFFE29 /* Assets.xcassets */,
				F42DAF521BC4A8FB00EFFE29 /* LaunchScreen.storyboard */,
				F42DAF551BC4A8FB00EFFE29 /* Info.plist */,
				F42DAF4D1BC4A8FB00EFFE29 /* HappySky.xcdatamodeld */,
			);
			path = HappySky;
			sourceTree = "<group>";
		};
		F42DAF5D1BC4A8FB00EFFE29 /* HappySkyTests */ = {
			isa = PBXGroup;
			children = (
				F42DAF5E1BC4A8FB00EFFE29 /* HappySkyTests.swift */,
				F42DAF601BC4A8FB00EFFE29 /* Info.plist */,
			);
			path = HappySkyTests;
			sourceTree = "<group>";
		};
/* End PBXGroup section */

/* Begin PBXNativeTarget section */
		F42DAF421BC4A8FB00EFFE29 /* HappySky */ = {
			isa = PBXNativeTarget;
			buildConfigurationList = F42DAF631BC4A8FB00EFFE29 /* Build configuration list for PBXNativeTarget "HappySky" */;
			buildPhases = (
				F42DAF3F1BC4A8FB00EFFE29 /* Sources */,
				F42DAF401BC4A8FB00EFFE29 /* Frameworks */,
				F42DAF411BC4A8FB00EFFE29 /* Resources */,
			);
			buildRules = (
			);
			dependencies = (
			);
			name = HappySky;
			productName = HappySky;
			productReference = F42DAF431BC4A8FB00EFFE29 /* HappySky.app */;
			productType = "com.apple.product-type.application";
		};
		F42DAF591BC4A8FB00EFFE29 /* HappySkyTests */ = {
			isa = PBXNativeTarget;
			buildConfigurationList = F42DAF661BC4A8FB00EFFE29 /* Build configuration list for PBXNativeTarget "HappySkyTests" */;
			buildPhases = (
				F42DAF561BC4A8FB00EFFE29 /* Sources */,
				F42DAF571BC4A8FB00EFFE29 /* Frameworks */,
				F42DAF581BC4A8FB00EFFE29 /* Resources */,
			);
			buildRules = (
			);
			dependencies = (
				F42DAF5C1BC4A8FB00EFFE29 /* PBXTargetDependency */,
			);
			name = HappySkyTests;
			productName = HappySkyTests;
			productReference = F42DAF5A1BC4A8FB00EFFE29 /* HappySkyTests.xctest */;
			productType = "com.apple.product-type.bundle.unit-test";
		};
/* End PBXNativeTarget section */

/* Begin PBXProject section */
		F42DAF3B1BC4A8FB00EFFE29 /* Project object */ = {
			isa = PBXProject;
			attributes = {
				LastUpgradeCheck = 0700;
				ORGANIZATIONNAME = "Shani Rivers";
				TargetAttributes = {
					F42DAF421BC4A8FB00EFFE29 = {
						CreatedOnToolsVersion = 7.0.1;
					};
					F42DAF591BC4A8FB00EFFE29 = {
						CreatedOnToolsVersion = 7.0.1;
						TestTargetID = F42DAF421BC4A8FB00EFFE29;
					};
				};
			};
			buildConfigurationList = F42DAF3E1BC4A8FB00EFFE29 /* Build configuration list for PBXProject "HappySky" */;
			compatibilityVersion = "Xcode 3.2";
			developmentRegion = English;
			hasScannedForEncodings = 0;
			knownRegions = (
				en,
				Base,
			);
			mainGroup = F42DAF3A1BC4A8FB00EFFE29;
			productRefGroup = F42DAF441BC4A8FB00EFFE29 /* Products */;
			projectDirPath = "";
			projectRoot = "";
			targets = (
				F42DAF421BC4A8FB00EFFE29 /* HappySky */,
				F42DAF591BC4A8FB00EFFE29 /* HappySkyTests */,
			);
		};
/* End PBXProject section */

/* Begin PBXResourcesBuildPhase section */
		F42DAF411BC4A8FB00EFFE29 /* Resources */ = {
			isa = PBXResourcesBuildPhase;
			buildActionMask = 2147483647;
			files = (
				F42DAF541BC4A8FB00EFFE29 /* LaunchScreen.storyboard in Resources */,
				F42DAF511BC4A8FB00EFFE29 /* Assets.xcassets in Resources */,
				F42DAF4C1BC4A8FB00EFFE29 /* Main.storyboard in Resources */,
			);
			runOnlyForDeploymentPostprocessing = 0;
		};
		F42DAF581BC4A8FB00EFFE29 /* Resources */ = {
			isa = PBXResourcesBuildPhase;
			buildActionMask = 2147483647;
			files = (
			);
			runOnlyForDeploymentPostprocessing = 0;
		};
/* End PBXResourcesBuildPhase section */

/* Begin PBXSourcesBuildPhase section */
		F42DAF3F1BC4A8FB00EFFE29 /* Sources */ = {
			isa = PBXSourcesBuildPhase;
			buildActionMask = 2147483647;
			files = (
				F42DAF491BC4A8FB00EFFE29 /* ViewController.swift in Sources */,
				F42DAF471BC4A8FB00EFFE29 /* AppDelegate.swift in Sources */,
				F42DAF4F1BC4A8FB00EFFE29 /* HappySky.xcdatamodeld in Sources */,
			);
			runOnlyForDeploymentPostprocessing = 0;
		};
		F42DAF561BC4A8FB00EFFE29 /* Sources */ = {
			isa = PBXSourcesBuildPhase;
			buildActionMask = 2147483647;
			files = (
				F42DAF5F1BC4A8FB00EFFE29 /* HappySkyTests.swift in Sources */,
			);
			runOnlyForDeploymentPostprocessing = 0;
		};
/* End PBXSourcesBuildPhase section */

/* Begin PBXTargetDependency section */
		F42DAF5C1BC4A8FB00EFFE29 /* PBXTargetDependency */ = {
			isa = PBXTargetDependency;
			target = F42DAF421BC4A8FB00EFFE29 /* HappySky */;
			targetProxy = F42DAF5B1BC4A8FB00EFFE29 /* PBXContainerItemProxy */;
		};
/* End PBXTargetDependency section */

/* Begin PBXVariantGroup section */
		F42DAF4A1BC4A8FB00EFFE29 /* Main.storyboard */ = {
			isa = PBXVariantGroup;
			children = (
				F42DAF4B1BC4A8FB00EFFE29 /* Base */,
			);
			name = Main.storyboard;
			sourceTree = "<group>";
		};
		F42DAF521BC4A8FB00EFFE29 /* LaunchScreen.storyboard */ = {
			isa = PBXVariantGroup;
			children = (
				F42DAF531BC4A8FB00EFFE29 /* Base */,
			);
			name = LaunchScreen.storyboard;
			sourceTree = "<group>";
		};
/* End PBXVariantGroup section */

/* Begin XCBuildConfiguration section */
		F42DAF611BC4A8FB00EFFE29 /* Debug */ = {
			isa = XCBuildConfiguration;
			buildSettings = {
				ALWAYS_SEARCH_USER_PATHS = NO;
				CLANG_CXX_LANGUAGE_STANDARD = "gnu++0x";
				CLANG_CXX_LIBRARY = "libc++";
				CLANG_ENABLE_MODULES = YES;
				CLANG_ENABLE_OBJC_ARC = YES;
				CLANG_WARN_BOOL_CONVERSION = YES;
				CLANG_WARN_CONSTANT_CONVERSION = YES;
				CLANG_WARN_DIRECT_OBJC_ISA_USAGE = YES_ERROR;
				CLANG_WARN_EMPTY_BODY = YES;
				CLANG_WARN_ENUM_CONVERSION = YES;
				CLANG_WARN_INT_CONVERSION = YES;
				CLANG_WARN_OBJC_ROOT_CLASS = YES_ERROR;
				CLANG_WARN_UNREACHABLE_CODE = YES;
				CLANG_WARN__DUPLICATE_METHOD_MATCH = YES;
				"CODE_SIGN_IDENTITY[sdk=iphoneos*]" = "iPhone Developer";
				COPY_PHASE_STRIP = NO;
				DEBUG_INFORMATION_FORMAT = dwarf;
				ENABLE_STRICT_OBJC_MSGSEND = YES;
				ENABLE_TESTABILITY = YES;
				GCC_C_LANGUAGE_STANDARD = gnu99;
				GCC_DYNAMIC_NO_PIC = NO;
				GCC_NO_COMMON_BLOCKS = YES;
				GCC_OPTIMIZATION_LEVEL = 0;
				GCC_PREPROCESSOR_DEFINITIONS = (
					"DEBUG=1",
					"$(inherited)",
				);
				GCC_WARN_64_TO_32_BIT_CONVERSION = YES;
				GCC_WARN_ABOUT_RETURN_TYPE = YES_ERROR;
				GCC_WARN_UNDECLARED_SELECTOR = YES;
				GCC_WARN_UNINITIALIZED_AUTOS = YES_AGGRESSIVE;
				GCC_WARN_UNUSED_FUNCTION = YES;
				GCC_WARN_UNUSED_VARIABLE = YES;
				IPHONEOS_DEPLOYMENT_TARGET = 9.0;
				MTL_ENABLE_DEBUG_INFO = YES;
				ONLY_ACTIVE_ARCH = YES;
				SDKROOT = iphoneos;
				SWIFT_OPTIMIZATION_LEVEL = "-Onone";
			};
			name = Debug;
		};
		F42DAF621BC4A8FB00EFFE29 /* Release */ = {
			isa = XCBuildConfiguration;
			buildSettings = {
				ALWAYS_SEARCH_USER_PATHS = NO;
				CLANG_CXX_LANGUAGE_STANDARD = "gnu++0x";
				CLANG_CXX_LIBRARY = "libc++";
				CLANG_ENABLE_MODULES = YES;
				CLANG_ENABLE_OBJC_ARC = YES;
				CLANG_WARN_BOOL_CONVERSION = YES;
				CLANG_WARN_CONSTANT_CONVERSION = YES;
				CLANG_WARN_DIRECT_OBJC_ISA_USAGE = YES_ERROR;
				CLANG_WARN_EMPTY_BODY = YES;
				CLANG_WARN_ENUM_CONVERSION = YES;
				CLANG_WARN_INT_CONVERSION = YES;
				CLANG_WARN_OBJC_ROOT_CLASS = YES_ERROR;
				CLANG_WARN_UNREACHABLE_CODE = YES;
				CLANG_WARN__DUPLICATE_METHOD_MATCH = YES;
				"CODE_SIGN_IDENTITY[sdk=iphoneos*]" = "iPhone Developer";
				COPY_PHASE_STRIP = NO;
				DEBUG_INFORMATION_FORMAT = "dwarf-with-dsym";
				ENABLE_NS_ASSERTIONS = NO;
				ENABLE_STRICT_OBJC_MSGSEND = YES;
				GCC_C_LANGUAGE_STANDARD = gnu99;
				GCC_NO_COMMON_BLOCKS = YES;
				GCC_WARN_64_TO_32_BIT_CONVERSION = YES;
				GCC_WARN_ABOUT_RETURN_TYPE = YES_ERROR;
				GCC_WARN_UNDECLARED_SELECTOR = YES;
				GCC_WARN_UNINITIALIZED_AUTOS = YES_AGGRESSIVE;
				GCC_WARN_UNUSED_FUNCTION = YES;
				GCC_WARN_UNUSED_VARIABLE = YES;
				IPHONEOS_DEPLOYMENT_TARGET = 9.0;
				MTL_ENABLE_DEBUG_INFO = NO;
				SDKROOT = iphoneos;
				VALIDATE_PRODUCT = YES;
			};
			name = Release;
		};
		F42DAF641BC4A8FB00EFFE29 /* Debug */ = {
			isa = XCBuildConfiguration;
			buildSettings = {
				ASSETCATALOG_COMPILER_APPICON_NAME = AppIcon;
				INFOPLIST_FILE = HappySky/Info.plist;
				LD_RUNPATH_SEARCH_PATHS = "$(inherited) @executable_path/Frameworks";
				PRODUCT_BUNDLE_IDENTIFIER = me.shanirivers.HappySky;
				PRODUCT_NAME = "$(TARGET_NAME)";
			};
			name = Debug;
		};
		F42DAF651BC4A8FB00EFFE29 /* Release */ = {
			isa = XCBuildConfiguration;
			buildSettings = {
				ASSETCATALOG_COMPILER_APPICON_NAME = AppIcon;
				INFOPLIST_FILE = HappySky/Info.plist;
				LD_RUNPATH_SEARCH_PATHS = "$(inherited) @executable_path/Frameworks";
				PRODUCT_BUNDLE_IDENTIFIER = me.shanirivers.HappySky;
				PRODUCT_NAME = "$(TARGET_NAME)";
			};
			name = Release;
		};
		F42DAF671BC4A8FB00EFFE29 /* Debug */ = {
			isa = XCBuildConfiguration;
			buildSettings = {
				BUNDLE_LOADER = "$(TEST_HOST)";
				INFOPLIST_FILE = HappySkyTests/Info.plist;
				LD_RUNPATH_SEARCH_PATHS = "$(inherited) @executable_path/Frameworks @loader_path/Frameworks";
				PRODUCT_BUNDLE_IDENTIFIER = me.shanirivers.HappySkyTests;
				PRODUCT_NAME = "$(TARGET_NAME)";
				TEST_HOST = "$(BUILT_PRODUCTS_DIR)/HappySky.app/HappySky";
			};
			name = Debug;
		};
		F42DAF681BC4A8FB00EFFE29 /* Release */ = {
			isa = XCBuildConfiguration;
			buildSettings = {
				BUNDLE_LOADER = "$(TEST_HOST)";
				INFOPLIST_FILE = HappySkyTests/Info.plist;
				LD_RUNPATH_SEARCH_PATHS = "$(inherited) @executable_path/Frameworks @loader_path/Frameworks";
				PRODUCT_BUNDLE_IDENTIFIER = me.shanirivers.HappySkyTests;
				PRODUCT_NAME = "$(TARGET_NAME)";
				TEST_HOST = "$(BUILT_PRODUCTS_DIR)/HappySky.app/HappySky";
			};
			name = Release;
		};
/* End XCBuildConfiguration section */

/* Begin XCConfigurationList section */
		F42DAF3E1BC4A8FB00EFFE29 /* Build configuration list for PBXProject "HappySky" */ = {
			isa = XCConfigurationList;
			buildConfigurations = (
				F42DAF611BC4A8FB00EFFE29 /* Debug */,
				F42DAF621BC4A8FB00EFFE29 /* Release */,
			);
			defaultConfigurationIsVisible = 0;
			defaultConfigurationName = Release;
		};
		F42DAF631BC4A8FB00EFFE29 /* Build configuration list for PBXNativeTarget "HappySky" */ = {
			isa = XCConfigurationList;
			buildConfigurations = (
				F42DAF641BC4A8FB00EFFE29 /* Debug */,
				F42DAF651BC4A8FB00EFFE29 /* Release */,
			);
			defaultConfigurationIsVisible = 0;
		};
		F42DAF661BC4A8FB00EFFE29 /* Build configuration list for PBXNativeTarget "HappySkyTests" */ = {
			isa = XCConfigurationList;
			buildConfigurations = (
				F42DAF671BC4A8FB00EFFE29 /* Debug */,
				F42DAF681BC4A8FB00EFFE29 /* Release */,
			);
			defaultConfigurationIsVisible = 0;
		};
/* End XCConfigurationList section */

/* Begin XCVersionGroup section */
		F42DAF4D1BC4A8FB00EFFE29 /* HappySky.xcdatamodeld */ = {
			isa = XCVersionGroup;
			children = (
				F42DAF4E1BC4A8FB00EFFE29 /* HappySky.xcdatamodel */,
			);
			currentVersion = F42DAF4E1BC4A8FB00EFFE29 /* HappySky.xcdatamodel */;
			path = HappySky.xcdatamodeld;
			sourceTree = "<group>";
			versionGroupType = wrapper.xcdatamodel;
		};
/* End XCVersionGroup section */
	};
	rootObject = F42DAF3B1BC4A8FB00EFFE29 /* Project object */;
}
